
Microsoft Visual Studio Solution File, Format Version 12.00
# Visual Studio Version 16
VisualStudioVersion = 16.0.29613.14
MinimumVisualStudioVersion = 10.0.40219.1
Project("{9A19103F-16F7-4668-BE54-9A1E7A4F7556}") = "CalendarApplication", "CalendarApplication\CalendarApplication.csproj", "{E840792C-2AFA-4D74-9C66-5AC03E17AA5D}"
EndProject
Project("{FAE04EC0-301F-11D3-BF4B-00C04F79EFBC}") = "CalendarApplicationTest", "CalendarApplicationTest\CalendarApplicationTest.csproj", "{F7D7196A-1015-446F-8675-8C00FCBC5651}"
EndProject
Global
	GlobalSection(SolutionConfigurationPlatforms) = preSolution
		Debug|Any CPU = Debug|Any CPU
		Release|Any CPU = Release|Any CPU
	EndGlobalSection
	GlobalSection(ProjectConfigurationPlatforms) = postSolution
		{E840792C-2AFA-4D74-9C66-5AC03E17AA5D}.Debug|Any CPU.ActiveCfg = Debug|Any CPU
		{E840792C-2AFA-4D74-9C66-5AC03E17AA5D}.Debug|Any CPU.Build.0 = Debug|Any CPU
		{E840792C-2AFA-4D74-9C66-5AC03E17AA5D}.Release|Any CPU.ActiveCfg = Release|Any CPU
		{E840792C-2AFA-4D74-9C66-5AC03E17AA5D}.Release|Any CPU.Build.0 = Release|Any CPU
		{F7D7196A-1015-446F-8675-8C00FCBC5651}.Debug|Any CPU.ActiveCfg = Debug|Any CPU
		{F7D7196A-1015-446F-8675-8C00FCBC5651}.Debug|Any CPU.Build.0 = Debug|Any CPU
		{F7D7196A-1015-446F-8675-8C00FCBC5651}.Release|Any CPU.ActiveCfg = Release|Any CPU
		{F7D7196A-1015-446F-8675-8C00FCBC5651}.Release|Any CPU.Build.0 = Release|Any CPU
	EndGlobalSection
	GlobalSection(SolutionProperties) = preSolution
		HideSolutionNode = FALSE
	EndGlobalSection
	GlobalSection(ExtensibilityGlobals) = postSolution
		SolutionGuid = {F6C9E47E-5161-40C1-AF2A-00B68096AF9D}
	EndGlobalSection
EndGlobal
